
Microsoft Visual Studio Solution File, Format Version 12.00
# Visual Studio Version 17
VisualStudioVersion = 17.4.33110.190
MinimumVisualStudioVersion = 10.0.40219.1
Project("{FAE04EC0-301F-11D3-BF4B-00C04F79EFBC}") = "SocketServer", "SocketServer.csproj", "{27061989-5C99-4B16-A926-BF46F11C5E66}"
EndProject
Global
	GlobalSection(SolutionConfigurationPlatforms) = preSolution
		Debug|Any CPU = Debug|Any CPU
		Release|Any CPU = Release|Any CPU
	EndGlobalSection
	GlobalSection(ProjectConfigurationPlatforms) = postSolution
		{27061989-5C99-4B16-A926-BF46F11C5E66}.Debug|Any CPU.ActiveCfg = Debug|Any CPU
		{27061989-5C99-4B16-A926-BF46F11C5E66}.Debug|Any CPU.Build.0 = Debug|Any CPU
		{27061989-5C99-4B16-A926-BF46F11C5E66}.Release|Any CPU.ActiveCfg = Release|Any CPU
		{27061989-5C99-4B16-A926-BF46F11C5E66}.Release|Any CPU.Build.0 = Release|Any CPU
	EndGlobalSection
	GlobalSection(SolutionProperties) = preSolution
		HideSolutionNode = FALSE
	EndGlobalSection
	GlobalSection(ExtensibilityGlobals) = postSolution
		SolutionGuid = {AD7B1D63-0394-4A57-BADD-333A4BC28FA2}
	EndGlobalSection
EndGlobal
